// !$*UTF8*$!
{
	archiveVersion = 1;
	classes = {};
	objectVersion = 56;
	objects = {
		7916FF02BF33DDE27377DC55 = { isa = PBXFileReference; lastKnownFileType = sourcecode.swift; path = "iOS/BackendClient.swift"; sourceTree = "<group>"; };
		B062F31C7C1895602D5BCD0D = { isa = PBXFileReference; lastKnownFileType = sourcecode.swift; path = "iOS/BackendDiscovery.swift"; sourceTree = "<group>"; };
		5CF886A253D019C7AE7C8A67 = { isa = PBXFileReference; lastKnownFileType = sourcecode.swift; path = "iOS/CameraController.swift"; sourceTree = "<group>"; };
		65775BFB8699F20CA6FE6F52 = { isa = PBXFileReference; lastKnownFileType = sourcecode.swift; path = "iOS/ContentView.swift"; sourceTree = "<group>"; };
		3BBD6C23CA75464B52B74E2E = { isa = PBXFileReference; lastKnownFileType = sourcecode.swift; path = "iOS/LocalVisionApp.swift"; sourceTree = "<group>"; };
		1FB4563F028AB7474AF8B75B = { isa = PBXFileReference; lastKnownFileType = sourcecode.swift; path = "iOS/TaskController.swift"; sourceTree = "<group>"; };
		BAE16DA0458B2EB9222424B7 = { isa = PBXFileReference; lastKnownFileType = sourcecode.swift; path = "iOS/WatchRelay.swift"; sourceTree = "<group>"; };
		7C1D9842BB889537A28FAA9A = { isa = PBXFileReference; lastKnownFileType = sourcecode.swift; path = "Shared/ResultPackage.swift"; sourceTree = "<group>"; };
		128EC4124CDCC832964CCFDD = { isa = PBXFileReference; lastKnownFileType = sourcecode.swift; path = "Watch/WatchApp.swift"; sourceTree = "<group>"; };
		54783801BA8EDA53F03A7D8C = { isa = PBXFileReference; lastKnownFileType = sourcecode.swift; path = "Watch/WatchResultStore.swift"; sourceTree = "<group>"; };
		5A196401BBDDBC909972A38B = { isa = PBXFileReference; lastKnownFileType = text.xcconfig; path = Signing.xcconfig; sourceTree = "<group>"; };
		A908D5CA98EA313859EBD8CA = { isa = PBXFileReference; lastKnownFileType = text.plist.xml; path = iOS/Info.plist; sourceTree = "<group>"; };
		02D4DF845037A261D5C8DC60 = { isa = PBXFileReference; lastKnownFileType = text.plist.xml; path = Watch/Info.plist; sourceTree = "<group>"; };
		2C0B9D4D0B72E275043BF24D = { isa = PBXFileReference; explicitFileType = wrapper.application; path = VisionPhone.app; sourceTree = BUILT_PRODUCTS_DIR; };
		ABB217AE039EB9EFED5B9F29 = { isa = PBXFileReference; explicitFileType = wrapper.application; path = VisionWatch.app; sourceTree = BUILT_PRODUCTS_DIR; };
		FBDC4F23F93125BBEEAE800C = { isa = PBXGroup; children = (2C0B9D4D0B72E275043BF24D, ABB217AE039EB9EFED5B9F29,); name = Products; sourceTree = "<group>"; };
		B28B7AF69320201D1CF206EB = { isa = PBXGroup; children = (7916FF02BF33DDE27377DC55, B062F31C7C1895602D5BCD0D, 5CF886A253D019C7AE7C8A67, 65775BFB8699F20CA6FE6F52, 3BBD6C23CA75464B52B74E2E, 1FB4563F028AB7474AF8B75B, BAE16DA0458B2EB9222424B7, 7C1D9842BB889537A28FAA9A, 128EC4124CDCC832964CCFDD, 54783801BA8EDA53F03A7D8C, 5A196401BBDDBC909972A38B, A908D5CA98EA313859EBD8CA, 02D4DF845037A261D5C8DC60, FBDC4F23F93125BBEEAE800C,); sourceTree = "<group>"; };
		69A3A54446CF3E2973015B52 = { isa = PBXBuildFile; fileRef = 7C1D9842BB889537A28FAA9A; };
		96929D8D0CE61616BA7CF98D = { isa = PBXBuildFile; fileRef = 7916FF02BF33DDE27377DC55; };
		D3C2202D78A40C4D358A36CA = { isa = PBXBuildFile; fileRef = B062F31C7C1895602D5BCD0D; };
		7388BC3BA151B789C80F830D = { isa = PBXBuildFile; fileRef = 5CF886A253D019C7AE7C8A67; };
		B175EBB5373433158416C407 = { isa = PBXBuildFile; fileRef = 65775BFB8699F20CA6FE6F52; };
		4A855840ACB166759EA9FFB0 = { isa = PBXBuildFile; fileRef = 3BBD6C23CA75464B52B74E2E; };
		BE9E0AF3BC9FD57AAFE631BF = { isa = PBXBuildFile; fileRef = 1FB4563F028AB7474AF8B75B; };
		5F4D89A55C7D6E2B8658BFAC = { isa = PBXBuildFile; fileRef = BAE16DA0458B2EB9222424B7; };
		865A962486470B024B4E2E9A = { isa = PBXSourcesBuildPhase; buildActionMask = 2147483647; files = (69A3A54446CF3E2973015B52, 96929D8D0CE61616BA7CF98D, D3C2202D78A40C4D358A36CA, 7388BC3BA151B789C80F830D, B175EBB5373433158416C407, 4A855840ACB166759EA9FFB0, BE9E0AF3BC9FD57AAFE631BF, 5F4D89A55C7D6E2B8658BFAC,); runOnlyForDeploymentPostprocessing = 0; };
		C2C297B74A63A9EB9B03863B = { isa = PBXFrameworksBuildPhase; buildActionMask = 2147483647; files = (); runOnlyForDeploymentPostprocessing = 0; };
		98A29BDFA45974C215A5B2D8 = { isa = PBXResourcesBuildPhase; buildActionMask = 2147483647; files = (); runOnlyForDeploymentPostprocessing = 0; };
		8093AA527746FF0B92D050DF = { isa = XCBuildConfiguration; baseConfigurationReference = 5A196401BBDDBC909972A38B; buildSettings = { SWIFT_VERSION = "5.0"; SWIFT_STRICT_CONCURRENCY = "minimal"; SWIFT_OPTIMIZATION_LEVEL = "-Onone"; ENABLE_TESTABILITY = "YES"; GENERATE_INFOPLIST_FILE = "NO"; PRODUCT_NAME = "$(TARGET_NAME)"; CURRENT_PROJECT_VERSION = "1"; MARKETING_VERSION = "0.2.0"; SDKROOT = "iphoneos"; SUPPORTED_PLATFORMS = "iphoneos iphonesimulator"; PRODUCT_BUNDLE_IDENTIFIER = "$(VISION_IOS_BUNDLE_ID)"; INFOPLIST_FILE = "iOS/Info.plist"; TARGETED_DEVICE_FAMILY = "1"; LD_RUNPATH_SEARCH_PATHS = "$(inherited) @executable_path/Frameworks"; IPHONEOS_DEPLOYMENT_TARGET = "17.0"; }; name = Debug; };
		B721AE5873EF22D1C86250FA = { isa = XCBuildConfiguration; baseConfigurationReference = 5A196401BBDDBC909972A38B; buildSettings = { SWIFT_VERSION = "5.0"; SWIFT_STRICT_CONCURRENCY = "minimal"; SWIFT_OPTIMIZATION_LEVEL = "-O"; ENABLE_TESTABILITY = "NO"; GENERATE_INFOPLIST_FILE = "NO"; PRODUCT_NAME = "$(TARGET_NAME)"; CURRENT_PROJECT_VERSION = "1"; MARKETING_VERSION = "0.2.0"; SDKROOT = "iphoneos"; SUPPORTED_PLATFORMS = "iphoneos iphonesimulator"; PRODUCT_BUNDLE_IDENTIFIER = "$(VISION_IOS_BUNDLE_ID)"; INFOPLIST_FILE = "iOS/Info.plist"; TARGETED_DEVICE_FAMILY = "1"; LD_RUNPATH_SEARCH_PATHS = "$(inherited) @executable_path/Frameworks"; IPHONEOS_DEPLOYMENT_TARGET = "17.0"; }; name = Release; };
		7624BCB05DAE2C81388357F2 = { isa = XCConfigurationList; buildConfigurations = (8093AA527746FF0B92D050DF, B721AE5873EF22D1C86250FA,); defaultConfigurationIsVisible = 0; defaultConfigurationName = Release; };
		670D34D486D4143501C70D55 = { isa = PBXContainerItemProxy; containerPortal = 98F54143AB4E86B28C3AFEE0; proxyType = 1; remoteGlobalIDString = 1A474AE34889CC14CF6F3AA7; remoteInfo = VisionWatch; };
		951D6738C015F691F40A72B0 = { isa = PBXTargetDependency; target = 1A474AE34889CC14CF6F3AA7; targetProxy = 670D34D486D4143501C70D55; };
		CD3F59477ACB0A74B30FB732 = { isa = PBXBuildFile; fileRef = ABB217AE039EB9EFED5B9F29; settings = { ATTRIBUTES = (RemoveHeadersOnCopy,); }; };
		1535F4FC5E77E060A33841EF = { isa = PBXCopyFilesBuildPhase; buildActionMask = 2147483647; dstPath = "$(CONTENTS_FOLDER_PATH)/Watch"; dstSubfolderSpec = 16; files = (CD3F59477ACB0A74B30FB732,); name = "Embed Watch Content"; runOnlyForDeploymentPostprocessing = 0; };
		2EE53C363B7A22356AEC49D0 = { isa = PBXNativeTarget; buildConfigurationList = 7624BCB05DAE2C81388357F2; buildPhases = (865A962486470B024B4E2E9A, C2C297B74A63A9EB9B03863B, 98A29BDFA45974C215A5B2D8, 1535F4FC5E77E060A33841EF,); buildRules = (); dependencies = (951D6738C015F691F40A72B0,); name = VisionPhone; productName = VisionPhone; productReference = 2C0B9D4D0B72E275043BF24D; productType = "com.apple.product-type.application"; };
		4948FF96C3D79EBE910BAE42 = { isa = PBXBuildFile; fileRef = 7C1D9842BB889537A28FAA9A; };
		75BF2251AB96769BBC5983D4 = { isa = PBXBuildFile; fileRef = 128EC4124CDCC832964CCFDD; };
		D6FFCEA4F3F1A4F96FB2D600 = { isa = PBXBuildFile; fileRef = 54783801BA8EDA53F03A7D8C; };
		547502D44C5FD9FF9946E0B9 = { isa = PBXSourcesBuildPhase; buildActionMask = 2147483647; files = (4948FF96C3D79EBE910BAE42, 75BF2251AB96769BBC5983D4, D6FFCEA4F3F1A4F96FB2D600,); runOnlyForDeploymentPostprocessing = 0; };
		C8EF3F76D2D964208BB74EEC = { isa = PBXFrameworksBuildPhase; buildActionMask = 2147483647; files = (); runOnlyForDeploymentPostprocessing = 0; };
		9D51BF5B3739405F356181F4 = { isa = PBXResourcesBuildPhase; buildActionMask = 2147483647; files = (); runOnlyForDeploymentPostprocessing = 0; };
		0C531B7E8E30EF5B44DE5AB5 = { isa = XCBuildConfiguration; baseConfigurationReference = 5A196401BBDDBC909972A38B; buildSettings = { SWIFT_VERSION = "5.0"; SWIFT_STRICT_CONCURRENCY = "minimal"; SWIFT_OPTIMIZATION_LEVEL = "-Onone"; ENABLE_TESTABILITY = "YES"; GENERATE_INFOPLIST_FILE = "NO"; PRODUCT_NAME = "$(TARGET_NAME)"; CURRENT_PROJECT_VERSION = "1"; MARKETING_VERSION = "0.2.0"; SDKROOT = "watchos"; SUPPORTED_PLATFORMS = "watchos watchsimulator"; PRODUCT_BUNDLE_IDENTIFIER = "$(VISION_WATCH_BUNDLE_ID)"; INFOPLIST_FILE = "Watch/Info.plist"; TARGETED_DEVICE_FAMILY = "4"; LD_RUNPATH_SEARCH_PATHS = "$(inherited) @executable_path/Frameworks"; WATCHOS_DEPLOYMENT_TARGET = "10.0"; SKIP_INSTALL = "YES"; }; name = Debug; };
		8BA0A3C82B0B868FA47CEBA0 = { isa = XCBuildConfiguration; baseConfigurationReference = 5A196401BBDDBC909972A38B; buildSettings = { SWIFT_VERSION = "5.0"; SWIFT_STRICT_CONCURRENCY = "minimal"; SWIFT_OPTIMIZATION_LEVEL = "-O"; ENABLE_TESTABILITY = "NO"; GENERATE_INFOPLIST_FILE = "NO"; PRODUCT_NAME = "$(TARGET_NAME)"; CURRENT_PROJECT_VERSION = "1"; MARKETING_VERSION = "0.2.0"; SDKROOT = "watchos"; SUPPORTED_PLATFORMS = "watchos watchsimulator"; PRODUCT_BUNDLE_IDENTIFIER = "$(VISION_WATCH_BUNDLE_ID)"; INFOPLIST_FILE = "Watch/Info.plist"; TARGETED_DEVICE_FAMILY = "4"; LD_RUNPATH_SEARCH_PATHS = "$(inherited) @executable_path/Frameworks"; WATCHOS_DEPLOYMENT_TARGET = "10.0"; SKIP_INSTALL = "YES"; }; name = Release; };
		EE4B1C04CC4FCA9A513BAE46 = { isa = XCConfigurationList; buildConfigurations = (0C531B7E8E30EF5B44DE5AB5, 8BA0A3C82B0B868FA47CEBA0,); defaultConfigurationIsVisible = 0; defaultConfigurationName = Release; };
		1A474AE34889CC14CF6F3AA7 = { isa = PBXNativeTarget; buildConfigurationList = EE4B1C04CC4FCA9A513BAE46; buildPhases = (547502D44C5FD9FF9946E0B9, C8EF3F76D2D964208BB74EEC, 9D51BF5B3739405F356181F4,); buildRules = (); dependencies = (); name = VisionWatch; productName = VisionWatch; productReference = ABB217AE039EB9EFED5B9F29; productType = "com.apple.product-type.application"; };
		1C6332C759B35B5B3487F3CD = { isa = XCBuildConfiguration; buildSettings = { CLANG_ENABLE_MODULES = YES; SWIFT_VERSION = 5.0; }; name = Debug; };
		8B7212A5EF49F64ACD4F072A = { isa = XCBuildConfiguration; buildSettings = { CLANG_ENABLE_MODULES = YES; SWIFT_VERSION = 5.0; }; name = Release; };
		BC7E287B75C6D3E574547D08 = { isa = XCConfigurationList; buildConfigurations = (1C6332C759B35B5B3487F3CD, 8B7212A5EF49F64ACD4F072A,); defaultConfigurationIsVisible = 0; defaultConfigurationName = Release; };
		98F54143AB4E86B28C3AFEE0 = { isa = PBXProject; attributes = { BuildIndependentTargetsInParallel = YES; LastUpgradeCheck = 1600; }; buildConfigurationList = BC7E287B75C6D3E574547D08; compatibilityVersion = "Xcode 14.0"; developmentRegion = en; hasScannedForEncodings = 0; knownRegions = (en, Base, ru, kk,); mainGroup = B28B7AF69320201D1CF206EB; productRefGroup = FBDC4F23F93125BBEEAE800C; projectDirPath = ""; projectRoot = ""; targets = (2EE53C363B7A22356AEC49D0, 1A474AE34889CC14CF6F3AA7,); };
	};
	rootObject = 98F54143AB4E86B28C3AFEE0;
}
